// !$*UTF8*$!
{
	archiveVersion = 1;
	classes = {
	};
	objectVersion = 56;
	objects = {

/* Begin PBXBuildFile section */
		BB7D56002B8B0B0700484BC1 /* AppDelegate.swift in Sources */ = {isa = PBXBuildFile; fileRef = BB7D55FF2B8B0B0700484BC1 /* AppDelegate.swift */; };
		BB7D56022B8B0B0700484BC1 /* SceneDelegate.swift in Sources */ = {isa = PBXBuildFile; fileRef = BB7D56012B8B0B0700484BC1 /* SceneDelegate.swift */; };
		BB7D56092B8B0B0800484BC1 /* Assets.xcassets in Resources */ = {isa = PBXBuildFile; fileRef = BB7D56082B8B0B0800484BC1 /* Assets.xcassets */; };
		BB7D560C2B8B0B0800484BC1 /* LaunchScreen.storyboard in Resources */ = {isa = PBXBuildFile; fileRef = BB7D560A2B8B0B0800484BC1 /* LaunchScreen.storyboard */; };
		BB7D56142B8B0C7400484BC1 /* CardEdittingVC.swift in Sources */ = {isa = PBXBuildFile; fileRef = BB7D56132B8B0C7400484BC1 /* CardEdittingVC.swift */; };
		BB7D561C2B8B214C00484BC1 /* CustomBodyLabel.swift in Sources */ = {isa = PBXBuildFile; fileRef = BB7D561B2B8B214C00484BC1 /* CustomBodyLabel.swift */; };
		BB7D56202B8CBBC100484BC1 /* CardCollectionVC.swift in Sources */ = {isa = PBXBuildFile; fileRef = BB7D561F2B8CBBC100484BC1 /* CardCollectionVC.swift */; };
		BB7D56222B8CBDE900484BC1 /* DataModel.swift in Sources */ = {isa = PBXBuildFile; fileRef = BB7D56212B8CBDE900484BC1 /* DataModel.swift */; };
		BB7D56242B8CC22600484BC1 /* UIHelper.swift in Sources */ = {isa = PBXBuildFile; fileRef = BB7D56232B8CC22600484BC1 /* UIHelper.swift */; };
		BB7D56282B8CC5B200484BC1 /* CardCollectionViewCell.swift in Sources */ = {isa = PBXBuildFile; fileRef = BB7D56272B8CC5B200484BC1 /* CardCollectionViewCell.swift */; };
		BB90FA902BA09DF7009B85ED /* MainTabBarController.swift in Sources */ = {isa = PBXBuildFile; fileRef = BB90FA8F2BA09DF7009B85ED /* MainTabBarController.swift */; };
		BB90FA922BA19FD4009B85ED /* CardDetailVC.swift in Sources */ = {isa = PBXBuildFile; fileRef = BB90FA912BA19FD4009B85ED /* CardDetailVC.swift */; };
		BB90FA962BA1B94A009B85ED /* UIViewController+Extension.swift in Sources */ = {isa = PBXBuildFile; fileRef = BB90FA952BA1B94A009B85ED /* UIViewController+Extension.swift */; };
		BB90FA982BA1BA5F009B85ED /* AlertVC.swift in Sources */ = {isa = PBXBuildFile; fileRef = BB90FA972BA1BA5F009B85ED /* AlertVC.swift */; };
		BB90FA9A2BA1BB1D009B85ED /* CustomTitleLabel.swift in Sources */ = {isa = PBXBuildFile; fileRef = BB90FA992BA1BB1D009B85ED /* CustomTitleLabel.swift */; };
		BB90FA9D2BA1BB83009B85ED /* CustomButton.swift in Sources */ = {isa = PBXBuildFile; fileRef = BB90FA9C2BA1BB83009B85ED /* CustomButton.swift */; };
		BB90FAA52BA1CCC3009B85ED /* CustomView.swift in Sources */ = {isa = PBXBuildFile; fileRef = BB90FAA42BA1CCC3009B85ED /* CustomView.swift */; };
		BB90FAAB2BA5E7D2009B85ED /* Realm.swift in Sources */ = {isa = PBXBuildFile; fileRef = BB90FAAA2BA5E7D2009B85ED /* Realm.swift */; };
		BB90FAAF2BA876E1009B85ED /* CustomBarButtonItem.swift in Sources */ = {isa = PBXBuildFile; fileRef = BB90FAAE2BA876E1009B85ED /* CustomBarButtonItem.swift */; };
		BBE6B2F82B9B3C100085034A /* CustomTagLabel.swift in Sources */ = {isa = PBXBuildFile; fileRef = BBE6B2F72B9B3C100085034A /* CustomTagLabel.swift */; };
		CE85D7518900C89523688EEA /* Pods_PhraseCollection.framework in Frameworks */ = {isa = PBXBuildFile; fileRef = F2D43F87FE2FA3533239A32D /* Pods_PhraseCollection.framework */; };
/* End PBXBuildFile section */

/* Begin PBXFileReference section */
		406415506265570B9045F67A /* Pods-PhraseCollection.debug.xcconfig */ = {isa = PBXFileReference; includeInIndex = 1; lastKnownFileType = text.xcconfig; name = "Pods-PhraseCollection.debug.xcconfig"; path = "Target Support Files/Pods-PhraseCollection/Pods-PhraseCollection.debug.xcconfig"; sourceTree = "<group>"; };
		BB7D55FC2B8B0B0700484BC1 /* PhraseCollection.app */ = {isa = PBXFileReference; explicitFileType = wrapper.application; includeInIndex = 0; path = PhraseCollection.app; sourceTree = BUILT_PRODUCTS_DIR; };
		BB7D55FF2B8B0B0700484BC1 /* AppDelegate.swift */ = {isa = PBXFileReference; lastKnownFileType = sourcecode.swift; path = AppDelegate.swift; sourceTree = "<group>"; };
		BB7D56012B8B0B0700484BC1 /* SceneDelegate.swift */ = {isa = PBXFileReference; lastKnownFileType = sourcecode.swift; path = SceneDelegate.swift; sourceTree = "<group>"; };
		BB7D56082B8B0B0800484BC1 /* Assets.xcassets */ = {isa = PBXFileReference; lastKnownFileType = folder.assetcatalog; path = Assets.xcassets; sourceTree = "<group>"; };
		BB7D560B2B8B0B0800484BC1 /* Base */ = {isa = PBXFileReference; lastKnownFileType = file.storyboard; name = Base; path = Base.lproj/LaunchScreen.storyboard; sourceTree = "<group>"; };
		BB7D560D2B8B0B0800484BC1 /* Info.plist */ = {isa = PBXFileReference; lastKnownFileType = text.plist.xml; path = Info.plist; sourceTree = "<group>"; };
		BB7D56132B8B0C7400484BC1 /* CardEdittingVC.swift */ = {isa = PBXFileReference; lastKnownFileType = sourcecode.swift; path = CardEdittingVC.swift; sourceTree = "<group>"; };
		BB7D561B2B8B214C00484BC1 /* CustomBodyLabel.swift */ = {isa = PBXFileReference; lastKnownFileType = sourcecode.swift; path = CustomBodyLabel.swift; sourceTree = "<group>"; };
		BB7D561F2B8CBBC100484BC1 /* CardCollectionVC.swift */ = {isa = PBXFileReference; lastKnownFileType = sourcecode.swift; path = CardCollectionVC.swift; sourceTree = "<group>"; };
		BB7D56212B8CBDE900484BC1 /* DataModel.swift */ = {isa = PBXFileReference; lastKnownFileType = sourcecode.swift; path = DataModel.swift; sourceTree = "<group>"; };
		BB7D56232B8CC22600484BC1 /* UIHelper.swift */ = {isa = PBXFileReference; lastKnownFileType = sourcecode.swift; path = UIHelper.swift; sourceTree = "<group>"; };
		BB7D56272B8CC5B200484BC1 /* CardCollectionViewCell.swift */ = {isa = PBXFileReference; lastKnownFileType = sourcecode.swift; path = CardCollectionViewCell.swift; sourceTree = "<group>"; };
		BB90FA8F2BA09DF7009B85ED /* MainTabBarController.swift */ = {isa = PBXFileReference; lastKnownFileType = sourcecode.swift; path = MainTabBarController.swift; sourceTree = "<group>"; };
		BB90FA912BA19FD4009B85ED /* CardDetailVC.swift */ = {isa = PBXFileReference; lastKnownFileType = sourcecode.swift; path = CardDetailVC.swift; sourceTree = "<group>"; };
		BB90FA952BA1B94A009B85ED /* UIViewController+Extension.swift */ = {isa = PBXFileReference; lastKnownFileType = sourcecode.swift; path = "UIViewController+Extension.swift"; sourceTree = "<group>"; };
		BB90FA972BA1BA5F009B85ED /* AlertVC.swift */ = {isa = PBXFileReference; lastKnownFileType = sourcecode.swift; path = AlertVC.swift; sourceTree = "<group>"; };
		BB90FA992BA1BB1D009B85ED /* CustomTitleLabel.swift */ = {isa = PBXFileReference; lastKnownFileType = sourcecode.swift; path = CustomTitleLabel.swift; sourceTree = "<group>"; };
		BB90FA9C2BA1BB83009B85ED /* CustomButton.swift */ = {isa = PBXFileReference; lastKnownFileType = sourcecode.swift; path = CustomButton.swift; sourceTree = "<group>"; };
		BB90FAA42BA1CCC3009B85ED /* CustomView.swift */ = {isa = PBXFileReference; lastKnownFileType = sourcecode.swift; path = CustomView.swift; sourceTree = "<group>"; };
		BB90FAAA2BA5E7D2009B85ED /* Realm.swift */ = {isa = PBXFileReference; lastKnownFileType = sourcecode.swift; path = Realm.swift; sourceTree = "<group>"; };
		BB90FAAE2BA876E1009B85ED /* CustomBarButtonItem.swift */ = {isa = PBXFileReference; lastKnownFileType = sourcecode.swift; path = CustomBarButtonItem.swift; sourceTree = "<group>"; };
		BBE6B2F72B9B3C100085034A /* CustomTagLabel.swift */ = {isa = PBXFileReference; lastKnownFileType = sourcecode.swift; path = CustomTagLabel.swift; sourceTree = "<group>"; };
		D33B91CC8A024E58DAA67D3A /* Pods-PhraseCollection.release.xcconfig */ = {isa = PBXFileReference; includeInIndex = 1; lastKnownFileType = text.xcconfig; name = "Pods-PhraseCollection.release.xcconfig"; path = "Target Support Files/Pods-PhraseCollection/Pods-PhraseCollection.release.xcconfig"; sourceTree = "<group>"; };
		F2D43F87FE2FA3533239A32D /* Pods_PhraseCollection.framework */ = {isa = PBXFileReference; explicitFileType = wrapper.framework; includeInIndex = 0; path = Pods_PhraseCollection.framework; sourceTree = BUILT_PRODUCTS_DIR; };
/* End PBXFileReference section */

/* Begin PBXFrameworksBuildPhase section */
		BB7D55F92B8B0B0700484BC1 /* Frameworks */ = {
			isa = PBXFrameworksBuildPhase;
			buildActionMask = 2147483647;
			files = (
				CE85D7518900C89523688EEA /* Pods_PhraseCollection.framework in Frameworks */,
			);
			runOnlyForDeploymentPostprocessing = 0;
		};
/* End PBXFrameworksBuildPhase section */

/* Begin PBXGroup section */
		3F18774E7CFFDAEF5F4C635E /* Pods */ = {
			isa = PBXGroup;
			children = (
				406415506265570B9045F67A /* Pods-PhraseCollection.debug.xcconfig */,
				D33B91CC8A024E58DAA67D3A /* Pods-PhraseCollection.release.xcconfig */,
			);
			path = Pods;
			sourceTree = "<group>";
		};
		BB7D55F32B8B0B0600484BC1 = {
			isa = PBXGroup;
			children = (
				BB7D55FE2B8B0B0700484BC1 /* PhraseCollection */,
				BB7D55FD2B8B0B0700484BC1 /* Products */,
				3F18774E7CFFDAEF5F4C635E /* Pods */,
				FCF4FFB1B7B87DC15BF44FEB /* Frameworks */,
			);
			sourceTree = "<group>";
		};
		BB7D55FD2B8B0B0700484BC1 /* Products */ = {
			isa = PBXGroup;
			children = (
				BB7D55FC2B8B0B0700484BC1 /* PhraseCollection.app */,
			);
			name = Products;
			sourceTree = "<group>";
		};
		BB7D55FE2B8B0B0700484BC1 /* PhraseCollection */ = {
			isa = PBXGroup;
			children = (
				BB90FA932BA1B76E009B85ED /* Support */,
				BB90FA9E2BA1BCD5009B85ED /* TabBarController */,
				BBB4D4B82B9C61FD002C645B /* ViewControllers */,
				BB90FA9B2BA1BB71009B85ED /* CustomButton */,
				BB90FAA32BA1CC82009B85ED /* CustomView */,
				BBB4D4B92B9C62D0002C645B /* CustomCell */,
				BB7D56232B8CC22600484BC1 /* UIHelper.swift */,
				BBB4D4B62B9C61A9002C645B /* CustomLabel */,
				BBB4D4B72B9C61DB002C645B /* DataModel */,
				BB90FA942BA1B883009B85ED /* Extensions */,
			);
			path = PhraseCollection;
			sourceTree = "<group>";
		};
		BB90FA932BA1B76E009B85ED /* Support */ = {
			isa = PBXGroup;
			children = (
				BB7D55FF2B8B0B0700484BC1 /* AppDelegate.swift */,
				BB7D56012B8B0B0700484BC1 /* SceneDelegate.swift */,
				BB7D56082B8B0B0800484BC1 /* Assets.xcassets */,
				BB7D560A2B8B0B0800484BC1 /* LaunchScreen.storyboard */,
				BB7D560D2B8B0B0800484BC1 /* Info.plist */,
			);
			path = Support;
			sourceTree = "<group>";
		};
		BB90FA942BA1B883009B85ED /* Extensions */ = {
			isa = PBXGroup;
			children = (
				BB90FA952BA1B94A009B85ED /* UIViewController+Extension.swift */,
			);
			name = Extensions;
			path = ..;
			sourceTree = "<group>";
		};
		BB90FA9B2BA1BB71009B85ED /* CustomButton */ = {
			isa = PBXGroup;
			children = (
				BB90FA9C2BA1BB83009B85ED /* CustomButton.swift */,
				BB90FAAE2BA876E1009B85ED /* CustomBarButtonItem.swift */,
			);
			path = CustomButton;
			sourceTree = "<group>";
		};
		BB90FA9E2BA1BCD5009B85ED /* TabBarController */ = {
			isa = PBXGroup;
			children = (
				BB90FA8F2BA09DF7009B85ED /* MainTabBarController.swift */,
			);
			path = TabBarController;
			sourceTree = "<group>";
		};
		BB90FAA32BA1CC82009B85ED /* CustomView */ = {
			isa = PBXGroup;
			children = (
				BB90FAA42BA1CCC3009B85ED /* CustomView.swift */,
			);
			path = CustomView;
			sourceTree = "<group>";
		};
		BBB4D4B62B9C61A9002C645B /* CustomLabel */ = {
			isa = PBXGroup;
			children = (
				BBE6B2F72B9B3C100085034A /* CustomTagLabel.swift */,
				BB90FA992BA1BB1D009B85ED /* CustomTitleLabel.swift */,
				BB7D561B2B8B214C00484BC1 /* CustomBodyLabel.swift */,
			);
			path = CustomLabel;
			sourceTree = "<group>";
		};
		BBB4D4B72B9C61DB002C645B /* DataModel */ = {
			isa = PBXGroup;
			children = (
				BB7D56212B8CBDE900484BC1 /* DataModel.swift */,
				BB90FAAA2BA5E7D2009B85ED /* Realm.swift */,
			);
			path = DataModel;
			sourceTree = "<group>";
		};
		BBB4D4B82B9C61FD002C645B /* ViewControllers */ = {
			isa = PBXGroup;
			children = (
				BB7D56132B8B0C7400484BC1 /* CardEdittingVC.swift */,
				BB90FA912BA19FD4009B85ED /* CardDetailVC.swift */,
				BB7D561F2B8CBBC100484BC1 /* CardCollectionVC.swift */,
				BB90FA972BA1BA5F009B85ED /* AlertVC.swift */,
			);
			path = ViewControllers;
			sourceTree = "<group>";
		};
		BBB4D4B92B9C62D0002C645B /* CustomCell */ = {
			isa = PBXGroup;
			children = (
				BB7D56272B8CC5B200484BC1 /* CardCollectionViewCell.swift */,
			);
			path = CustomCell;
			sourceTree = "<group>";
		};
		FCF4FFB1B7B87DC15BF44FEB /* Frameworks */ = {
			isa = PBXGroup;
			children = (
				F2D43F87FE2FA3533239A32D /* Pods_PhraseCollection.framework */,
			);
			name = Frameworks;
			sourceTree = "<group>";
		};
/* End PBXGroup section */

/* Begin PBXNativeTarget section */
		BB7D55FB2B8B0B0700484BC1 /* PhraseCollection */ = {
			isa = PBXNativeTarget;
			buildConfigurationList = BB7D56102B8B0B0800484BC1 /* Build configuration list for PBXNativeTarget "PhraseCollection" */;
			buildPhases = (
				927B7EB5F83448CFE4745501 /* [CP] Check Pods Manifest.lock */,
				BB7D55F82B8B0B0700484BC1 /* Sources */,
				BB7D55F92B8B0B0700484BC1 /* Frameworks */,
				BB7D55FA2B8B0B0700484BC1 /* Resources */,
				C594531B59CD3C8E0C3F2521 /* [CP] Embed Pods Frameworks */,
			);
			buildRules = (
			);
			dependencies = (
			);
			name = PhraseCollection;
			productName = PhraseCollection;
			productReference = BB7D55FC2B8B0B0700484BC1 /* PhraseCollection.app */;
			productType = "com.apple.product-type.application";
		};
/* End PBXNativeTarget section */

/* Begin PBXProject section */
		BB7D55F42B8B0B0600484BC1 /* Project object */ = {
			isa = PBXProject;
			attributes = {
				BuildIndependentTargetsInParallel = 1;
				LastSwiftUpdateCheck = 1510;
				LastUpgradeCheck = 1510;
				TargetAttributes = {
					BB7D55FB2B8B0B0700484BC1 = {
						CreatedOnToolsVersion = 15.1;
					};
				};
			};
			buildConfigurationList = BB7D55F72B8B0B0600484BC1 /* Build configuration list for PBXProject "PhraseCollection" */;
			compatibilityVersion = "Xcode 14.0";
			developmentRegion = en;
			hasScannedForEncodings = 0;
			knownRegions = (
				en,
				Base,
			);
			mainGroup = BB7D55F32B8B0B0600484BC1;
			productRefGroup = BB7D55FD2B8B0B0700484BC1 /* Products */;
			projectDirPath = "";
			projectRoot = "";
			targets = (
				BB7D55FB2B8B0B0700484BC1 /* PhraseCollection */,
			);
		};
/* End PBXProject section */

/* Begin PBXResourcesBuildPhase section */
		BB7D55FA2B8B0B0700484BC1 /* Resources */ = {
			isa = PBXResourcesBuildPhase;
			buildActionMask = 2147483647;
			files = (
				BB7D560C2B8B0B0800484BC1 /* LaunchScreen.storyboard in Resources */,
				BB7D56092B8B0B0800484BC1 /* Assets.xcassets in Resources */,
			);
			runOnlyForDeploymentPostprocessing = 0;
		};
/* End PBXResourcesBuildPhase section */

/* Begin PBXShellScriptBuildPhase section */
		927B7EB5F83448CFE4745501 /* [CP] Check Pods Manifest.lock */ = {
			isa = PBXShellScriptBuildPhase;
			buildActionMask = 2147483647;
			files = (
			);
			inputFileListPaths = (
			);
			inputPaths = (
				"${PODS_PODFILE_DIR_PATH}/Podfile.lock",
				"${PODS_ROOT}/Manifest.lock",
			);
			name = "[CP] Check Pods Manifest.lock";
			outputFileListPaths = (
			);
			outputPaths = (
				"$(DERIVED_FILE_DIR)/Pods-PhraseCollection-checkManifestLockResult.txt",
			);
			runOnlyForDeploymentPostprocessing = 0;
			shellPath = /bin/sh;
			shellScript = "diff \"${PODS_PODFILE_DIR_PATH}/Podfile.lock\" \"${PODS_ROOT}/Manifest.lock\" > /dev/null\nif [ $? != 0 ] ; then\n    # print error to STDERR\n    echo \"error: The sandbox is not in sync with the Podfile.lock. Run 'pod install' or update your CocoaPods installation.\" >&2\n    exit 1\nfi\n# This output is used by Xcode 'outputs' to avoid re-running this script phase.\necho \"SUCCESS\" > \"${SCRIPT_OUTPUT_FILE_0}\"\n";
			showEnvVarsInLog = 0;
		};
		C594531B59CD3C8E0C3F2521 /* [CP] Embed Pods Frameworks */ = {
			isa = PBXShellScriptBuildPhase;
			buildActionMask = 2147483647;
			files = (
			);
			inputFileListPaths = (
				"${PODS_ROOT}/Target Support Files/Pods-PhraseCollection/Pods-PhraseCollection-frameworks-${CONFIGURATION}-input-files.xcfilelist",
			);
			name = "[CP] Embed Pods Frameworks";
			outputFileListPaths = (
				"${PODS_ROOT}/Target Support Files/Pods-PhraseCollection/Pods-PhraseCollection-frameworks-${CONFIGURATION}-output-files.xcfilelist",
			);
			runOnlyForDeploymentPostprocessing = 0;
			shellPath = /bin/sh;
			shellScript = "\"${PODS_ROOT}/Target Support Files/Pods-PhraseCollection/Pods-PhraseCollection-frameworks.sh\"\n";
			showEnvVarsInLog = 0;
		};
/* End PBXShellScriptBuildPhase section */

/* Begin PBXSourcesBuildPhase section */
		BB7D55F82B8B0B0700484BC1 /* Sources */ = {
			isa = PBXSourcesBuildPhase;
			buildActionMask = 2147483647;
			files = (
				BBE6B2F82B9B3C100085034A /* CustomTagLabel.swift in Sources */,
				BB7D56202B8CBBC100484BC1 /* CardCollectionVC.swift in Sources */,
				BB90FAA52BA1CCC3009B85ED /* CustomView.swift in Sources */,
				BB90FA902BA09DF7009B85ED /* MainTabBarController.swift in Sources */,
				BB90FA982BA1BA5F009B85ED /* AlertVC.swift in Sources */,
				BB90FA922BA19FD4009B85ED /* CardDetailVC.swift in Sources */,
				BB90FA962BA1B94A009B85ED /* UIViewController+Extension.swift in Sources */,
				BB7D561C2B8B214C00484BC1 /* CustomBodyLabel.swift in Sources */,
				BB7D56282B8CC5B200484BC1 /* CardCollectionViewCell.swift in Sources */,
				BB7D56002B8B0B0700484BC1 /* AppDelegate.swift in Sources */,
				BB7D56022B8B0B0700484BC1 /* SceneDelegate.swift in Sources */,
				BB7D56222B8CBDE900484BC1 /* DataModel.swift in Sources */,
				BB7D56142B8B0C7400484BC1 /* CardEdittingVC.swift in Sources */,
				BB90FA9A2BA1BB1D009B85ED /* CustomTitleLabel.swift in Sources */,
				BB90FAAF2BA876E1009B85ED /* CustomBarButtonItem.swift in Sources */,
				BB7D56242B8CC22600484BC1 /* UIHelper.swift in Sources */,
				BB90FA9D2BA1BB83009B85ED /* CustomButton.swift in Sources */,
				BB90FAAB2BA5E7D2009B85ED /* Realm.swift in Sources */,
			);
			runOnlyForDeploymentPostprocessing = 0;
		};
/* End PBXSourcesBuildPhase section */

/* Begin PBXVariantGroup section */
		BB7D560A2B8B0B0800484BC1 /* LaunchScreen.storyboard */ = {
			isa = PBXVariantGroup;
			children = (
				BB7D560B2B8B0B0800484BC1 /* Base */,
			);
			name = LaunchScreen.storyboard;
			sourceTree = "<group>";
		};
/* End PBXVariantGroup section */

/* Begin XCBuildConfiguration section */
		BB7D560E2B8B0B0800484BC1 /* Debug */ = {
			isa = XCBuildConfiguration;
			buildSettings = {
				ALWAYS_SEARCH_USER_PATHS = NO;
				ASSETCATALOG_COMPILER_GENERATE_SWIFT_ASSET_SYMBOL_EXTENSIONS = YES;
				CLANG_ANALYZER_NONNULL = YES;
				CLANG_ANALYZER_NUMBER_OBJECT_CONVERSION = YES_AGGRESSIVE;
				CLANG_CXX_LANGUAGE_STANDARD = "gnu++20";
				CLANG_ENABLE_MODULES = YES;
				CLANG_ENABLE_OBJC_ARC = YES;
				CLANG_ENABLE_OBJC_WEAK = YES;
				CLANG_WARN_BLOCK_CAPTURE_AUTORELEASING = YES;
				CLANG_WARN_BOOL_CONVERSION = YES;
				CLANG_WARN_COMMA = YES;
				CLANG_WARN_CONSTANT_CONVERSION = YES;
				CLANG_WARN_DEPRECATED_OBJC_IMPLEMENTATIONS = YES;
				CLANG_WARN_DIRECT_OBJC_ISA_USAGE = YES_ERROR;
				CLANG_WARN_DOCUMENTATION_COMMENTS = YES;
				CLANG_WARN_EMPTY_BODY = YES;
				CLANG_WARN_ENUM_CONVERSION = YES;
				CLANG_WARN_INFINITE_RECURSION = YES;
				CLANG_WARN_INT_CONVERSION = YES;
				CLANG_WARN_NON_LITERAL_NULL_CONVERSION = YES;
				CLANG_WARN_OBJC_IMPLICIT_RETAIN_SELF = YES;
				CLANG_WARN_OBJC_LITERAL_CONVERSION = YES;
				CLANG_WARN_OBJC_ROOT_CLASS = YES_ERROR;
				CLANG_WARN_QUOTED_INCLUDE_IN_FRAMEWORK_HEADER = YES;
				CLANG_WARN_RANGE_LOOP_ANALYSIS = YES;
				CLANG_WARN_STRICT_PROTOTYPES = YES;
				CLANG_WARN_SUSPICIOUS_MOVE = YES;
				CLANG_WARN_UNGUARDED_AVAILABILITY = YES_AGGRESSIVE;
				CLANG_WARN_UNREACHABLE_CODE = YES;
				CLANG_WARN__DUPLICATE_METHOD_MATCH = YES;
				COPY_PHASE_STRIP = NO;
				DEBUG_INFORMATION_FORMAT = dwarf;
				ENABLE_STRICT_OBJC_MSGSEND = YES;
				ENABLE_TESTABILITY = YES;
				ENABLE_USER_SCRIPT_SANDBOXING = YES;
				GCC_C_LANGUAGE_STANDARD = gnu17;
				GCC_DYNAMIC_NO_PIC = NO;
				GCC_NO_COMMON_BLOCKS = YES;
				GCC_OPTIMIZATION_LEVEL = 0;
				GCC_PREPROCESSOR_DEFINITIONS = (
					"DEBUG=1",
					"$(inherited)",
				);
				GCC_WARN_64_TO_32_BIT_CONVERSION = YES;
				GCC_WARN_ABOUT_RETURN_TYPE = YES_ERROR;
				GCC_WARN_UNDECLARED_SELECTOR = YES;
				GCC_WARN_UNINITIALIZED_AUTOS = YES_AGGRESSIVE;
				GCC_WARN_UNUSED_FUNCTION = YES;
				GCC_WARN_UNUSED_VARIABLE = YES;
				IPHONEOS_DEPLOYMENT_TARGET = 17.2;
				LOCALIZATION_PREFERS_STRING_CATALOGS = YES;
				MTL_ENABLE_DEBUG_INFO = INCLUDE_SOURCE;
				MTL_FAST_MATH = YES;
				ONLY_ACTIVE_ARCH = YES;
				SDKROOT = iphoneos;
				SWIFT_ACTIVE_COMPILATION_CONDITIONS = "DEBUG $(inherited)";
				SWIFT_OPTIMIZATION_LEVEL = "-Onone";
			};
			name = Debug;
		};
		BB7D560F2B8B0B0800484BC1 /* Release */ = {
			isa = XCBuildConfiguration;
			buildSettings = {
				ALWAYS_SEARCH_USER_PATHS = NO;
				ASSETCATALOG_COMPILER_GENERATE_SWIFT_ASSET_SYMBOL_EXTENSIONS = YES;
				CLANG_ANALYZER_NONNULL = YES;
				CLANG_ANALYZER_NUMBER_OBJECT_CONVERSION = YES_AGGRESSIVE;
				CLANG_CXX_LANGUAGE_STANDARD = "gnu++20";
				CLANG_ENABLE_MODULES = YES;
				CLANG_ENABLE_OBJC_ARC = YES;
				CLANG_ENABLE_OBJC_WEAK = YES;
				CLANG_WARN_BLOCK_CAPTURE_AUTORELEASING = YES;
				CLANG_WARN_BOOL_CONVERSION = YES;
				CLANG_WARN_COMMA = YES;
				CLANG_WARN_CONSTANT_CONVERSION = YES;
				CLANG_WARN_DEPRECATED_OBJC_IMPLEMENTATIONS = YES;
				CLANG_WARN_DIRECT_OBJC_ISA_USAGE = YES_ERROR;
				CLANG_WARN_DOCUMENTATION_COMMENTS = YES;
				CLANG_WARN_EMPTY_BODY = YES;
				CLANG_WARN_ENUM_CONVERSION = YES;
				CLANG_WARN_INFINITE_RECURSION = YES;
				CLANG_WARN_INT_CONVERSION = YES;
				CLANG_WARN_NON_LITERAL_NULL_CONVERSION = YES;
				CLANG_WARN_OBJC_IMPLICIT_RETAIN_SELF = YES;
				CLANG_WARN_OBJC_LITERAL_CONVERSION = YES;
				CLANG_WARN_OBJC_ROOT_CLASS = YES_ERROR;
				CLANG_WARN_QUOTED_INCLUDE_IN_FRAMEWORK_HEADER = YES;
				CLANG_WARN_RANGE_LOOP_ANALYSIS = YES;
				CLANG_WARN_STRICT_PROTOTYPES = YES;
				CLANG_WARN_SUSPICIOUS_MOVE = YES;
				CLANG_WARN_UNGUARDED_AVAILABILITY = YES_AGGRESSIVE;
				CLANG_WARN_UNREACHABLE_CODE = YES;
				CLANG_WARN__DUPLICATE_METHOD_MATCH = YES;
				COPY_PHASE_STRIP = NO;
				DEBUG_INFORMATION_FORMAT = "dwarf-with-dsym";
				ENABLE_NS_ASSERTIONS = NO;
				ENABLE_STRICT_OBJC_MSGSEND = YES;
				ENABLE_USER_SCRIPT_SANDBOXING = YES;
				GCC_C_LANGUAGE_STANDARD = gnu17;
				GCC_NO_COMMON_BLOCKS = YES;
				GCC_WARN_64_TO_32_BIT_CONVERSION = YES;
				GCC_WARN_ABOUT_RETURN_TYPE = YES_ERROR;
				GCC_WARN_UNDECLARED_SELECTOR = YES;
				GCC_WARN_UNINITIALIZED_AUTOS = YES_AGGRESSIVE;
				GCC_WARN_UNUSED_FUNCTION = YES;
				GCC_WARN_UNUSED_VARIABLE = YES;
				IPHONEOS_DEPLOYMENT_TARGET = 17.2;
				LOCALIZATION_PREFERS_STRING_CATALOGS = YES;
				MTL_ENABLE_DEBUG_INFO = NO;
				MTL_FAST_MATH = YES;
				SDKROOT = iphoneos;
				SWIFT_COMPILATION_MODE = wholemodule;
				VALIDATE_PRODUCT = YES;
			};
			name = Release;
		};
		BB7D56112B8B0B0800484BC1 /* Debug */ = {
			isa = XCBuildConfiguration;
			baseConfigurationReference = 406415506265570B9045F67A /* Pods-PhraseCollection.debug.xcconfig */;
			buildSettings = {
				ASSETCATALOG_COMPILER_APPICON_NAME = AppIcon;
				ASSETCATALOG_COMPILER_GLOBAL_ACCENT_COLOR_NAME = AccentColor;
				CODE_SIGN_STYLE = Automatic;
				CURRENT_PROJECT_VERSION = 1;
				DEVELOPMENT_TEAM = 67ZRFNK38N;
				ENABLE_APP_SANDBOX = YES;
				ENABLE_USER_SCRIPT_SANDBOXING = NO;
				GENERATE_INFOPLIST_FILE = YES;
				INFOPLIST_FILE = PhraseCollection/Support/Info.plist;
				INFOPLIST_KEY_UIApplicationSupportsIndirectInputEvents = YES;
				INFOPLIST_KEY_UILaunchStoryboardName = LaunchScreen;
				INFOPLIST_KEY_UISupportedInterfaceOrientations = UIInterfaceOrientationPortrait;
				IPHONEOS_DEPLOYMENT_TARGET = 17.0;
				LD_RUNPATH_SEARCH_PATHS = (
					"$(inherited)",
					"@executable_path/Frameworks",
				);
				MARKETING_VERSION = 1.0;
				PRODUCT_BUNDLE_IDENTIFIER = com.tomohiro.PhraseCollection;
				PRODUCT_NAME = "$(TARGET_NAME)";
				SWIFT_EMIT_LOC_STRINGS = YES;
				SWIFT_VERSION = 5.0;
				TARGETED_DEVICE_FAMILY = "1,2";
			};
			name = Debug;
		};
		BB7D56122B8B0B0800484BC1 /* Release */ = {
			isa = XCBuildConfiguration;
			baseConfigurationReference = D33B91CC8A024E58DAA67D3A /* Pods-PhraseCollection.release.xcconfig */;
			buildSettings = {
				ASSETCATALOG_COMPILER_APPICON_NAME = AppIcon;
				ASSETCATALOG_COMPILER_GLOBAL_ACCENT_COLOR_NAME = AccentColor;
				CODE_SIGN_STYLE = Automatic;
				CURRENT_PROJECT_VERSION = 1;
				DEVELOPMENT_TEAM = 67ZRFNK38N;
				ENABLE_APP_SANDBOX = YES;
				ENABLE_USER_SCRIPT_SANDBOXING = NO;
				GENERATE_INFOPLIST_FILE = YES;
				INFOPLIST_FILE = PhraseCollection/Support/Info.plist;
				INFOPLIST_KEY_UIApplicationSupportsIndirectInputEvents = YES;
				INFOPLIST_KEY_UILaunchStoryboardName = LaunchScreen;
				INFOPLIST_KEY_UISupportedInterfaceOrientations = UIInterfaceOrientationPortrait;
				IPHONEOS_DEPLOYMENT_TARGET = 17.0;
				LD_RUNPATH_SEARCH_PATHS = (
					"$(inherited)",
					"@executable_path/Frameworks",
				);
				MARKETING_VERSION = 1.0;
				PRODUCT_BUNDLE_IDENTIFIER = com.tomohiro.PhraseCollection;
				PRODUCT_NAME = "$(TARGET_NAME)";
				SWIFT_EMIT_LOC_STRINGS = YES;
				SWIFT_VERSION = 5.0;
				TARGETED_DEVICE_FAMILY = "1,2";
			};
			name = Release;
		};
/* End XCBuildConfiguration section */

/* Begin XCConfigurationList section */
		BB7D55F72B8B0B0600484BC1 /* Build configuration list for PBXProject "PhraseCollection" */ = {
			isa = XCConfigurationList;
			buildConfigurations = (
				BB7D560E2B8B0B0800484BC1 /* Debug */,
				BB7D560F2B8B0B0800484BC1 /* Release */,
			);
			defaultConfigurationIsVisible = 0;
			defaultConfigurationName = Release;
		};
		BB7D56102B8B0B0800484BC1 /* Build configuration list for PBXNativeTarget "PhraseCollection" */ = {
			isa = XCConfigurationList;
			buildConfigurations = (
				BB7D56112B8B0B0800484BC1 /* Debug */,
				BB7D56122B8B0B0800484BC1 /* Release */,
			);
			defaultConfigurationIsVisible = 0;
			defaultConfigurationName = Release;
		};
/* End XCConfigurationList section */
	};
	rootObject = BB7D55F42B8B0B0600484BC1 /* Project object */;
}
